// !$*UTF8*$!
{
	archiveVersion = 1;
	classes = {
	};
	objectVersion = 50;
	objects = {

/* Begin PBXBuildFile section */
		FD05CDD322A6BBF0009D8B6C /* HashMap.m in Sources */ = {isa = PBXBuildFile; fileRef = FD05CDD222A6BBF0009D8B6C /* HashMap.m */; };
		FD05CDD522A6BC8F009D8B6C /* HashMapTest.m in Sources */ = {isa = PBXBuildFile; fileRef = FD05CDD422A6BC8F009D8B6C /* HashMapTest.m */; };
		FD05CE1822B16003009D8B6C /* Utility.swift in Sources */ = {isa = PBXBuildFile; fileRef = FD05CE1722B16003009D8B6C /* Utility.swift */; };
		FD05CE1922B16003009D8B6C /* Utility.swift in Sources */ = {isa = PBXBuildFile; fileRef = FD05CE1722B16003009D8B6C /* Utility.swift */; };
		FD05CE1B22B16041009D8B6C /* UtilityTest.swift in Sources */ = {isa = PBXBuildFile; fileRef = FD05CE1A22B16041009D8B6C /* UtilityTest.swift */; };
		FD05CE2622C04E0F009D8B6C /* MinStack.swift in Sources */ = {isa = PBXBuildFile; fileRef = FD05CE2522C04E0F009D8B6C /* MinStack.swift */; };
		FD05CE2722C04E0F009D8B6C /* MinStack.swift in Sources */ = {isa = PBXBuildFile; fileRef = FD05CE2522C04E0F009D8B6C /* MinStack.swift */; };
		FD18944322748237003EA507 /* AppDelegate.m in Sources */ = {isa = PBXBuildFile; fileRef = FD18944222748237003EA507 /* AppDelegate.m */; };
		FD18944622748237003EA507 /* ViewController.m in Sources */ = {isa = PBXBuildFile; fileRef = FD18944522748237003EA507 /* ViewController.m */; };
		FD18944922748237003EA507 /* Main.storyboard in Resources */ = {isa = PBXBuildFile; fileRef = FD18944722748237003EA507 /* Main.storyboard */; };
		FD18944B2274823C003EA507 /* Assets.xcassets in Resources */ = {isa = PBXBuildFile; fileRef = FD18944A2274823C003EA507 /* Assets.xcassets */; };
		FD18944E2274823C003EA507 /* LaunchScreen.storyboard in Resources */ = {isa = PBXBuildFile; fileRef = FD18944C2274823C003EA507 /* LaunchScreen.storyboard */; };
		FD1894512274823C003EA507 /* main.m in Sources */ = {isa = PBXBuildFile; fileRef = FD1894502274823C003EA507 /* main.m */; };
		FD18945B2274823C003EA507 /* MianshiTiTests.m in Sources */ = {isa = PBXBuildFile; fileRef = FD18945A2274823C003EA507 /* MianshiTiTests.m */; };
		FD1894662274823C003EA507 /* MianshiTiUITests.m in Sources */ = {isa = PBXBuildFile; fileRef = FD1894652274823C003EA507 /* MianshiTiUITests.m */; };
		FD1894752274825D003EA507 /* Node.m in Sources */ = {isa = PBXBuildFile; fileRef = FD1894742274825D003EA507 /* Node.m */; };
		FD1EA06C228A48C20048359D /* UITouch+Test.m in Sources */ = {isa = PBXBuildFile; fileRef = FD1EA06B228A48C20048359D /* UITouch+Test.m */; };
		FD23014422AF810300273390 /* CView.m in Sources */ = {isa = PBXBuildFile; fileRef = FD23014322AF810300273390 /* CView.m */; };
		FD2FC8A02296CD5500C8B432 /* LRUCache.m in Sources */ = {isa = PBXBuildFile; fileRef = FD2FC89F2296CD5500C8B432 /* LRUCache.m */; };
		FD2FC8A12296CD5500C8B432 /* LRUCache.m in Sources */ = {isa = PBXBuildFile; fileRef = FD2FC89F2296CD5500C8B432 /* LRUCache.m */; };
		FD2FC8A62296CE1900C8B432 /* LRUCacheTest.m in Sources */ = {isa = PBXBuildFile; fileRef = FD2FC8A52296CE1900C8B432 /* LRUCacheTest.m */; };
		FD415B4B2292FC3C0034AA87 /* BigData.m in Sources */ = {isa = PBXBuildFile; fileRef = FD415B4A2292FC3C0034AA87 /* BigData.m */; };
		FD60B2A422AE495700D0ABF9 /* LFUCache.m in Sources */ = {isa = PBXBuildFile; fileRef = FD60B2A222AE495700D0ABF9 /* LFUCache.m */; };
		FD60B2A522AE495700D0ABF9 /* LFUCache.m in Sources */ = {isa = PBXBuildFile; fileRef = FD60B2A222AE495700D0ABF9 /* LFUCache.m */; };
		FD60B2A822AF7E6900D0ABF9 /* XView.m in Sources */ = {isa = PBXBuildFile; fileRef = FD60B2A722AF7E6900D0ABF9 /* XView.m */; };
		FD70174522C89B28007AF46F /* MaxHeap.swift in Sources */ = {isa = PBXBuildFile; fileRef = FD70174422C89B28007AF46F /* MaxHeap.swift */; };
		FD70174622C89B28007AF46F /* MaxHeap.swift in Sources */ = {isa = PBXBuildFile; fileRef = FD70174422C89B28007AF46F /* MaxHeap.swift */; };
		FD70174822C89C68007AF46F /* MaxHeapTests.swift in Sources */ = {isa = PBXBuildFile; fileRef = FD70174722C89C68007AF46F /* MaxHeapTests.swift */; };
		FD73FA11227482EA0027C89D /* List.m in Sources */ = {isa = PBXBuildFile; fileRef = FD73FA10227482EA0027C89D /* List.m */; };
		FD938BFE22773CC50058F557 /* BinaryTree.m in Sources */ = {isa = PBXBuildFile; fileRef = FD938BFD22773CC50058F557 /* BinaryTree.m */; };
		FD938C0222795B1B0058F557 /* Queue.m in Sources */ = {isa = PBXBuildFile; fileRef = FD938C0122795B1B0058F557 /* Queue.m */; };
		FD938C0422795EAB0058F557 /* Queue.m in Sources */ = {isa = PBXBuildFile; fileRef = FD938C0122795B1B0058F557 /* Queue.m */; };
		FD938C072279AE540058F557 /* ViewController1.m in Sources */ = {isa = PBXBuildFile; fileRef = FD938C062279AE540058F557 /* ViewController1.m */; };
		FDB664AE22C1129F00FAC14E /* BinaryTreeTest.swift in Sources */ = {isa = PBXBuildFile; fileRef = FDB664AD22C1129F00FAC14E /* BinaryTreeTest.swift */; };
		FDB664B122C112C800FAC14E /* BinaryTreeNode.m in Sources */ = {isa = PBXBuildFile; fileRef = FDB664B022C112C800FAC14E /* BinaryTreeNode.m */; };
		FDB664B222C112C800FAC14E /* BinaryTreeNode.m in Sources */ = {isa = PBXBuildFile; fileRef = FDB664B022C112C800FAC14E /* BinaryTreeNode.m */; };
		FDB664B422C113F200FAC14E /* MinStackTest.swift in Sources */ = {isa = PBXBuildFile; fileRef = FDB664B322C113F200FAC14E /* MinStackTest.swift */; };
		FDB664B622C660FA00FAC14E /* BSTTree.swift in Sources */ = {isa = PBXBuildFile; fileRef = FDB664B522C660FA00FAC14E /* BSTTree.swift */; };
		FDB664B722C660FA00FAC14E /* BSTTree.swift in Sources */ = {isa = PBXBuildFile; fileRef = FDB664B522C660FA00FAC14E /* BSTTree.swift */; };
		FDB664B922C665E700FAC14E /* BSTNode.swift in Sources */ = {isa = PBXBuildFile; fileRef = FDB664B822C665E700FAC14E /* BSTNode.swift */; };
		FDB664BA22C665E700FAC14E /* BSTNode.swift in Sources */ = {isa = PBXBuildFile; fileRef = FDB664B822C665E700FAC14E /* BSTNode.swift */; };
		FDB664BC22C763AD00FAC14E /* BSTTreeTest.swift in Sources */ = {isa = PBXBuildFile; fileRef = FDB664BB22C763AD00FAC14E /* BSTTreeTest.swift */; };
		FDC580C422B351E100CE41EB /* MyCircleQueue.swift in Sources */ = {isa = PBXBuildFile; fileRef = FDC580C322B351E100CE41EB /* MyCircleQueue.swift */; };
		FDC580C522B351E100CE41EB /* MyCircleQueue.swift in Sources */ = {isa = PBXBuildFile; fileRef = FDC580C322B351E100CE41EB /* MyCircleQueue.swift */; };
		FDC580C722B3532700CE41EB /* MyCircleQueueTest.swift in Sources */ = {isa = PBXBuildFile; fileRef = FDC580C622B3532700CE41EB /* MyCircleQueueTest.swift */; };
		FDC580C922B3AF1600CE41EB /* MyCircleDeque.swift in Sources */ = {isa = PBXBuildFile; fileRef = FDC580C822B3AF1600CE41EB /* MyCircleDeque.swift */; };
		FDC580CA22B3AF1600CE41EB /* MyCircleDeque.swift in Sources */ = {isa = PBXBuildFile; fileRef = FDC580C822B3AF1600CE41EB /* MyCircleDeque.swift */; };
		FDC580CC22B3AF7900CE41EB /* MyCircleDequeTest.swift in Sources */ = {isa = PBXBuildFile; fileRef = FDC580CB22B3AF7900CE41EB /* MyCircleDequeTest.swift */; };
		FDC5C08822CE35F1004DC34C /* AVLNode.swift in Sources */ = {isa = PBXBuildFile; fileRef = FDC5C08722CE35F1004DC34C /* AVLNode.swift */; };
		FDC5C08922CE35F1004DC34C /* AVLNode.swift in Sources */ = {isa = PBXBuildFile; fileRef = FDC5C08722CE35F1004DC34C /* AVLNode.swift */; };
		FDC5C08B22CE3701004DC34C /* AVLTree.swift in Sources */ = {isa = PBXBuildFile; fileRef = FDC5C08A22CE3701004DC34C /* AVLTree.swift */; };
		FDC5C08C22CE3701004DC34C /* AVLTree.swift in Sources */ = {isa = PBXBuildFile; fileRef = FDC5C08A22CE3701004DC34C /* AVLTree.swift */; };
		FDC5C08E22CE4491004DC34C /* AVLTreeTest.swift in Sources */ = {isa = PBXBuildFile; fileRef = FDC5C08D22CE4491004DC34C /* AVLTreeTest.swift */; };
		FDE3F27122983729001448E2 /* DLLNode.m in Sources */ = {isa = PBXBuildFile; fileRef = FDE3F27022983729001448E2 /* DLLNode.m */; };
		FDE3F27222983729001448E2 /* DLLNode.m in Sources */ = {isa = PBXBuildFile; fileRef = FDE3F27022983729001448E2 /* DLLNode.m */; };
		FDE3F2742298EAF8001448E2 /* DoubleListTests.m in Sources */ = {isa = PBXBuildFile; fileRef = FDE3F2732298EAF8001448E2 /* DoubleListTests.m */; };
		FDE3F2772298EB60001448E2 /* DoubleLinkedList.m in Sources */ = {isa = PBXBuildFile; fileRef = FDE3F2762298EB60001448E2 /* DoubleLinkedList.m */; };
		FDE3F2782298EB60001448E2 /* DoubleLinkedList.m in Sources */ = {isa = PBXBuildFile; fileRef = FDE3F2762298EB60001448E2 /* DoubleLinkedList.m */; };
		FDE7FBEF22969088001BD1CE /* aa.m in Sources */ = {isa = PBXBuildFile; fileRef = FDE7FBEE22969088001BD1CE /* aa.m */; };
		FDE7FBF022969088001BD1CE /* aa.m in Sources */ = {isa = PBXBuildFile; fileRef = FDE7FBEE22969088001BD1CE /* aa.m */; };
		FDE7FBF5229690D1001BD1CE /* RuntimeTest.m in Sources */ = {isa = PBXBuildFile; fileRef = FDE7FBF4229690D1001BD1CE /* RuntimeTest.m */; };
		FDEFF90B22AE0C7C00498B36 /* ListTest.m in Sources */ = {isa = PBXBuildFile; fileRef = FDEFF90A22AE0C7C00498B36 /* ListTest.m */; };
		FDEFF91022AE104B00498B36 /* LFUCacheTest.m in Sources */ = {isa = PBXBuildFile; fileRef = FDEFF90F22AE104B00498B36 /* LFUCacheTest.m */; };
/* End PBXBuildFile section */

/* Begin PBXContainerItemProxy section */
		FD1894572274823C003EA507 /* PBXContainerItemProxy */ = {
			isa = PBXContainerItemProxy;
			containerPortal = FD18943622748236003EA507 /* Project object */;
			proxyType = 1;
			remoteGlobalIDString = FD18943D22748237003EA507;
			remoteInfo = MianshiTi;
		};
		FD1894622274823C003EA507 /* PBXContainerItemProxy */ = {
			isa = PBXContainerItemProxy;
			containerPortal = FD18943622748236003EA507 /* Project object */;
			proxyType = 1;
			remoteGlobalIDString = FD18943D22748237003EA507;
			remoteInfo = MianshiTi;
		};
/* End PBXContainerItemProxy section */

/* Begin PBXFileReference section */
		FD05CDD122A6BBF0009D8B6C /* HashMap.h */ = {isa = PBXFileReference; lastKnownFileType = sourcecode.c.h; path = HashMap.h; sourceTree = "<group>"; };
		FD05CDD222A6BBF0009D8B6C /* HashMap.m */ = {isa = PBXFileReference; lastKnownFileType = sourcecode.c.objc; path = HashMap.m; sourceTree = "<group>"; };
		FD05CDD422A6BC8F009D8B6C /* HashMapTest.m */ = {isa = PBXFileReference; lastKnownFileType = sourcecode.c.objc; path = HashMapTest.m; sourceTree = "<group>"; };
		FD05CE1522B16003009D8B6C /* MianshiTi-Bridging-Header.h */ = {isa = PBXFileReference; lastKnownFileType = sourcecode.c.h; path = "MianshiTi-Bridging-Header.h"; sourceTree = "<group>"; };
		FD05CE1622B16003009D8B6C /* MianshiTiTests-Bridging-Header.h */ = {isa = PBXFileReference; lastKnownFileType = sourcecode.c.h; path = "MianshiTiTests-Bridging-Header.h"; sourceTree = "<group>"; };
		FD05CE1722B16003009D8B6C /* Utility.swift */ = {isa = PBXFileReference; lastKnownFileType = sourcecode.swift; path = Utility.swift; sourceTree = "<group>"; };
		FD05CE1A22B16041009D8B6C /* UtilityTest.swift */ = {isa = PBXFileReference; lastKnownFileType = sourcecode.swift; path = UtilityTest.swift; sourceTree = "<group>"; };
		FD05CE2522C04E0F009D8B6C /* MinStack.swift */ = {isa = PBXFileReference; fileEncoding = 4; lastKnownFileType = sourcecode.swift; path = MinStack.swift; sourceTree = "<group>"; };
		FD18943E22748237003EA507 /* MianshiTi.app */ = {isa = PBXFileReference; explicitFileType = wrapper.application; includeInIndex = 0; path = MianshiTi.app; sourceTree = BUILT_PRODUCTS_DIR; };
		FD18944122748237003EA507 /* AppDelegate.h */ = {isa = PBXFileReference; lastKnownFileType = sourcecode.c.h; path = AppDelegate.h; sourceTree = "<group>"; };
		FD18944222748237003EA507 /* AppDelegate.m */ = {isa = PBXFileReference; lastKnownFileType = sourcecode.c.objc; path = AppDelegate.m; sourceTree = "<group>"; };
		FD18944422748237003EA507 /* ViewController.h */ = {isa = PBXFileReference; lastKnownFileType = sourcecode.c.h; path = ViewController.h; sourceTree = "<group>"; };
		FD18944522748237003EA507 /* ViewController.m */ = {isa = PBXFileReference; lastKnownFileType = sourcecode.c.objc; path = ViewController.m; sourceTree = "<group>"; };
		FD18944822748237003EA507 /* Base */ = {isa = PBXFileReference; lastKnownFileType = file.storyboard; name = Base; path = Base.lproj/Main.storyboard; sourceTree = "<group>"; };
		FD18944A2274823C003EA507 /* Assets.xcassets */ = {isa = PBXFileReference; lastKnownFileType = folder.assetcatalog; path = Assets.xcassets; sourceTree = "<group>"; };
		FD18944D2274823C003EA507 /* Base */ = {isa = PBXFileReference; lastKnownFileType = file.storyboard; name = Base; path = Base.lproj/LaunchScreen.storyboard; sourceTree = "<group>"; };
		FD18944F2274823C003EA507 /* Info.plist */ = {isa = PBXFileReference; lastKnownFileType = text.plist.xml; path = Info.plist; sourceTree = "<group>"; };
		FD1894502274823C003EA507 /* main.m */ = {isa = PBXFileReference; lastKnownFileType = sourcecode.c.objc; path = main.m; sourceTree = "<group>"; };
		FD1894562274823C003EA507 /* MianshiTiTests.xctest */ = {isa = PBXFileReference; explicitFileType = wrapper.cfbundle; includeInIndex = 0; path = MianshiTiTests.xctest; sourceTree = BUILT_PRODUCTS_DIR; };
		FD18945A2274823C003EA507 /* MianshiTiTests.m */ = {isa = PBXFileReference; lastKnownFileType = sourcecode.c.objc; path = MianshiTiTests.m; sourceTree = "<group>"; };
		FD18945C2274823C003EA507 /* Info.plist */ = {isa = PBXFileReference; lastKnownFileType = text.plist.xml; path = Info.plist; sourceTree = "<group>"; };
		FD1894612274823C003EA507 /* MianshiTiUITests.xctest */ = {isa = PBXFileReference; explicitFileType = wrapper.cfbundle; includeInIndex = 0; path = MianshiTiUITests.xctest; sourceTree = BUILT_PRODUCTS_DIR; };
		FD1894652274823C003EA507 /* MianshiTiUITests.m */ = {isa = PBXFileReference; lastKnownFileType = sourcecode.c.objc; path = MianshiTiUITests.m; sourceTree = "<group>"; };
		FD1894672274823C003EA507 /* Info.plist */ = {isa = PBXFileReference; lastKnownFileType = text.plist.xml; path = Info.plist; sourceTree = "<group>"; };
		FD1894732274825D003EA507 /* Node.h */ = {isa = PBXFileReference; lastKnownFileType = sourcecode.c.h; path = Node.h; sourceTree = "<group>"; };
		FD1894742274825D003EA507 /* Node.m */ = {isa = PBXFileReference; lastKnownFileType = sourcecode.c.objc; path = Node.m; sourceTree = "<group>"; };
		FD1EA06A228A48C20048359D /* UITouch+Test.h */ = {isa = PBXFileReference; lastKnownFileType = sourcecode.c.h; path = "UITouch+Test.h"; sourceTree = "<group>"; };
		FD1EA06B228A48C20048359D /* UITouch+Test.m */ = {isa = PBXFileReference; lastKnownFileType = sourcecode.c.objc; path = "UITouch+Test.m"; sourceTree = "<group>"; };
		FD23014222AF810300273390 /* CView.h */ = {isa = PBXFileReference; lastKnownFileType = sourcecode.c.h; path = CView.h; sourceTree = "<group>"; };
		FD23014322AF810300273390 /* CView.m */ = {isa = PBXFileReference; lastKnownFileType = sourcecode.c.objc; path = CView.m; sourceTree = "<group>"; };
		FD2FC89E2296CD5500C8B432 /* LRUCache.h */ = {isa = PBXFileReference; fileEncoding = 4; lastKnownFileType = sourcecode.c.h; path = LRUCache.h; sourceTree = "<group>"; };
		FD2FC89F2296CD5500C8B432 /* LRUCache.m */ = {isa = PBXFileReference; fileEncoding = 4; lastKnownFileType = sourcecode.c.objc; path = LRUCache.m; sourceTree = "<group>"; };
		FD2FC8A52296CE1900C8B432 /* LRUCacheTest.m */ = {isa = PBXFileReference; fileEncoding = 4; lastKnownFileType = sourcecode.c.objc; path = LRUCacheTest.m; sourceTree = "<group>"; };
		FD415B492292FC3C0034AA87 /* BigData.h */ = {isa = PBXFileReference; lastKnownFileType = sourcecode.c.h; path = BigData.h; sourceTree = "<group>"; };
		FD415B4A2292FC3C0034AA87 /* BigData.m */ = {isa = PBXFileReference; lastKnownFileType = sourcecode.c.objc; path = BigData.m; sourceTree = "<group>"; };
		FD60B2A222AE495700D0ABF9 /* LFUCache.m */ = {isa = PBXFileReference; fileEncoding = 4; lastKnownFileType = sourcecode.c.objc; path = LFUCache.m; sourceTree = "<group>"; };
		FD60B2A322AE495700D0ABF9 /* LFUCache.h */ = {isa = PBXFileReference; fileEncoding = 4; lastKnownFileType = sourcecode.c.h; path = LFUCache.h; sourceTree = "<group>"; };
		FD60B2A622AF7E6900D0ABF9 /* XView.h */ = {isa = PBXFileReference; lastKnownFileType = sourcecode.c.h; path = XView.h; sourceTree = "<group>"; };
		FD60B2A722AF7E6900D0ABF9 /* XView.m */ = {isa = PBXFileReference; lastKnownFileType = sourcecode.c.objc; path = XView.m; sourceTree = "<group>"; };
		FD70174422C89B28007AF46F /* MaxHeap.swift */ = {isa = PBXFileReference; lastKnownFileType = sourcecode.swift; path = MaxHeap.swift; sourceTree = "<group>"; };
		FD70174722C89C68007AF46F /* MaxHeapTests.swift */ = {isa = PBXFileReference; lastKnownFileType = sourcecode.swift; path = MaxHeapTests.swift; sourceTree = "<group>"; };
		FD73FA0F227482EA0027C89D /* List.h */ = {isa = PBXFileReference; lastKnownFileType = sourcecode.c.h; path = List.h; sourceTree = "<group>"; };
		FD73FA10227482EA0027C89D /* List.m */ = {isa = PBXFileReference; lastKnownFileType = sourcecode.c.objc; path = List.m; sourceTree = "<group>"; };
		FD938BFC22773CC50058F557 /* BinaryTree.h */ = {isa = PBXFileReference; lastKnownFileType = sourcecode.c.h; path = BinaryTree.h; sourceTree = "<group>"; };
		FD938BFD22773CC50058F557 /* BinaryTree.m */ = {isa = PBXFileReference; lastKnownFileType = sourcecode.c.objc; path = BinaryTree.m; sourceTree = "<group>"; };
		FD938C0022795B1B0058F557 /* Queue.h */ = {isa = PBXFileReference; lastKnownFileType = sourcecode.c.h; path = Queue.h; sourceTree = "<group>"; };
		FD938C0122795B1B0058F557 /* Queue.m */ = {isa = PBXFileReference; lastKnownFileType = sourcecode.c.objc; path = Queue.m; sourceTree = "<group>"; };
		FD938C0322795B750058F557 /* QueueProtocol.h */ = {isa = PBXFileReference; lastKnownFileType = sourcecode.c.h; path = QueueProtocol.h; sourceTree = "<group>"; };
		FD938C052279AE540058F557 /* ViewController1.h */ = {isa = PBXFileReference; lastKnownFileType = sourcecode.c.h; path = ViewController1.h; sourceTree = "<group>"; };
		FD938C062279AE540058F557 /* ViewController1.m */ = {isa = PBXFileReference; lastKnownFileType = sourcecode.c.objc; path = ViewController1.m; sourceTree = "<group>"; };
		FDB664AD22C1129F00FAC14E /* BinaryTreeTest.swift */ = {isa = PBXFileReference; lastKnownFileType = sourcecode.swift; path = BinaryTreeTest.swift; sourceTree = "<group>"; };
		FDB664AF22C112C800FAC14E /* BinaryTreeNode.h */ = {isa = PBXFileReference; fileEncoding = 4; lastKnownFileType = sourcecode.c.h; path = BinaryTreeNode.h; sourceTree = "<group>"; };
		FDB664B022C112C800FAC14E /* BinaryTreeNode.m */ = {isa = PBXFileReference; fileEncoding = 4; lastKnownFileType = sourcecode.c.objc; path = BinaryTreeNode.m; sourceTree = "<group>"; };
		FDB664B322C113F200FAC14E /* MinStackTest.swift */ = {isa = PBXFileReference; fileEncoding = 4; lastKnownFileType = sourcecode.swift; path = MinStackTest.swift; sourceTree = "<group>"; };
		FDB664B522C660FA00FAC14E /* BSTTree.swift */ = {isa = PBXFileReference; lastKnownFileType = sourcecode.swift; path = BSTTree.swift; sourceTree = "<group>"; };
		FDB664B822C665E700FAC14E /* BSTNode.swift */ = {isa = PBXFileReference; lastKnownFileType = sourcecode.swift; path = BSTNode.swift; sourceTree = "<group>"; };
		FDB664BB22C763AD00FAC14E /* BSTTreeTest.swift */ = {isa = PBXFileReference; lastKnownFileType = sourcecode.swift; path = BSTTreeTest.swift; sourceTree = "<group>"; };
		FDC580C322B351E100CE41EB /* MyCircleQueue.swift */ = {isa = PBXFileReference; lastKnownFileType = sourcecode.swift; path = MyCircleQueue.swift; sourceTree = "<group>"; };
		FDC580C622B3532700CE41EB /* MyCircleQueueTest.swift */ = {isa = PBXFileReference; lastKnownFileType = sourcecode.swift; path = MyCircleQueueTest.swift; sourceTree = "<group>"; };
		FDC580C822B3AF1600CE41EB /* MyCircleDeque.swift */ = {isa = PBXFileReference; lastKnownFileType = sourcecode.swift; path = MyCircleDeque.swift; sourceTree = "<group>"; };
		FDC580CB22B3AF7900CE41EB /* MyCircleDequeTest.swift */ = {isa = PBXFileReference; lastKnownFileType = sourcecode.swift; path = MyCircleDequeTest.swift; sourceTree = "<group>"; };
		FDC5C08722CE35F1004DC34C /* AVLNode.swift */ = {isa = PBXFileReference; lastKnownFileType = sourcecode.swift; path = AVLNode.swift; sourceTree = "<group>"; };
		FDC5C08A22CE3701004DC34C /* AVLTree.swift */ = {isa = PBXFileReference; lastKnownFileType = sourcecode.swift; path = AVLTree.swift; sourceTree = "<group>"; };
		FDC5C08D22CE4491004DC34C /* AVLTreeTest.swift */ = {isa = PBXFileReference; lastKnownFileType = sourcecode.swift; path = AVLTreeTest.swift; sourceTree = "<group>"; };
		FDE3F26F22983729001448E2 /* DLLNode.h */ = {isa = PBXFileReference; lastKnownFileType = sourcecode.c.h; path = DLLNode.h; sourceTree = "<group>"; };
		FDE3F27022983729001448E2 /* DLLNode.m */ = {isa = PBXFileReference; lastKnownFileType = sourcecode.c.objc; path = DLLNode.m; sourceTree = "<group>"; };
		FDE3F2732298EAF8001448E2 /* DoubleListTests.m */ = {isa = PBXFileReference; lastKnownFileType = sourcecode.c.objc; path = DoubleListTests.m; sourceTree = "<group>"; };
		FDE3F2752298EB60001448E2 /* DoubleLinkedList.h */ = {isa = PBXFileReference; fileEncoding = 4; lastKnownFileType = sourcecode.c.h; path = DoubleLinkedList.h; sourceTree = "<group>"; };
		FDE3F2762298EB60001448E2 /* DoubleLinkedList.m */ = {isa = PBXFileReference; fileEncoding = 4; lastKnownFileType = sourcecode.c.objc; path = DoubleLinkedList.m; sourceTree = "<group>"; };
		FDE7FBED22969088001BD1CE /* aa.h */ = {isa = PBXFileReference; fileEncoding = 4; lastKnownFileType = sourcecode.c.h; path = aa.h; sourceTree = "<group>"; };
		FDE7FBEE22969088001BD1CE /* aa.m */ = {isa = PBXFileReference; fileEncoding = 4; lastKnownFileType = sourcecode.c.objc; path = aa.m; sourceTree = "<group>"; };
		FDE7FBF4229690D1001BD1CE /* RuntimeTest.m */ = {isa = PBXFileReference; fileEncoding = 4; lastKnownFileType = sourcecode.c.objc; path = RuntimeTest.m; sourceTree = "<group>"; };
		FDEFF90A22AE0C7C00498B36 /* ListTest.m */ = {isa = PBXFileReference; fileEncoding = 4; lastKnownFileType = sourcecode.c.objc; path = ListTest.m; sourceTree = "<group>"; };
		FDEFF90F22AE104B00498B36 /* LFUCacheTest.m */ = {isa = PBXFileReference; lastKnownFileType = sourcecode.c.objc; path = LFUCacheTest.m; sourceTree = "<group>"; };
/* End PBXFileReference section */

/* Begin PBXFrameworksBuildPhase section */
		FD18943B22748237003EA507 /* Frameworks */ = {
			isa = PBXFrameworksBuildPhase;
			buildActionMask = 2147483647;
			files = (
			);
			runOnlyForDeploymentPostprocessing = 0;
		};
		FD1894532274823C003EA507 /* Frameworks */ = {
			isa = PBXFrameworksBuildPhase;
			buildActionMask = 2147483647;
			files = (
			);
			runOnlyForDeploymentPostprocessing = 0;
		};
		FD18945E2274823C003EA507 /* Frameworks */ = {
			isa = PBXFrameworksBuildPhase;
			buildActionMask = 2147483647;
			files = (
			);
			runOnlyForDeploymentPostprocessing = 0;
		};
/* End PBXFrameworksBuildPhase section */

/* Begin PBXGroup section */
		FD18943522748236003EA507 = {
			isa = PBXGroup;
			children = (
				FD2FC8972296CB6A00C8B432 /* Questions */,
				FDE7FBEC22969088001BD1CE /* Runtime */,
				FD415B482292FC150034AA87 /* BigDataCalculate */,
				FD938BFF22795B090058F557 /* Queue */,
				FD938BF822773B990058F557 /* 2叉树 */,
				FD18944022748237003EA507 /* MianshiTi */,
				FD1894592274823C003EA507 /* MianshiTiTests */,
				FD1894642274823C003EA507 /* MianshiTiUITests */,
				FD18943F22748237003EA507 /* Products */,
			);
			sourceTree = "<group>";
		};
		FD18943F22748237003EA507 /* Products */ = {
			isa = PBXGroup;
			children = (
				FD18943E22748237003EA507 /* MianshiTi.app */,
				FD1894562274823C003EA507 /* MianshiTiTests.xctest */,
				FD1894612274823C003EA507 /* MianshiTiUITests.xctest */,
			);
			name = Products;
			sourceTree = "<group>";
		};
		FD18944022748237003EA507 /* MianshiTi */ = {
			isa = PBXGroup;
			children = (
				FD18944122748237003EA507 /* AppDelegate.h */,
				FD18944222748237003EA507 /* AppDelegate.m */,
				FD18944422748237003EA507 /* ViewController.h */,
				FD18944522748237003EA507 /* ViewController.m */,
				FD938C052279AE540058F557 /* ViewController1.h */,
				FD938C062279AE540058F557 /* ViewController1.m */,
				FD18944722748237003EA507 /* Main.storyboard */,
				FD18944A2274823C003EA507 /* Assets.xcassets */,
				FD18944C2274823C003EA507 /* LaunchScreen.storyboard */,
				FD18944F2274823C003EA507 /* Info.plist */,
				FD1894502274823C003EA507 /* main.m */,
				FD1894732274825D003EA507 /* Node.h */,
				FD1894742274825D003EA507 /* Node.m */,
				FD73FA0F227482EA0027C89D /* List.h */,
				FD73FA10227482EA0027C89D /* List.m */,
				FD1EA06A228A48C20048359D /* UITouch+Test.h */,
				FD1EA06B228A48C20048359D /* UITouch+Test.m */,
				FD60B2A622AF7E6900D0ABF9 /* XView.h */,
				FD60B2A722AF7E6900D0ABF9 /* XView.m */,
				FD23014222AF810300273390 /* CView.h */,
				FD23014322AF810300273390 /* CView.m */,
			);
			path = MianshiTi;
			sourceTree = "<group>";
		};
		FD1894592274823C003EA507 /* MianshiTiTests */ = {
			isa = PBXGroup;
			children = (
				FDB664B322C113F200FAC14E /* MinStackTest.swift */,
				FDEFF90A22AE0C7C00498B36 /* ListTest.m */,
				FD2FC8A52296CE1900C8B432 /* LRUCacheTest.m */,
				FDE7FBF4229690D1001BD1CE /* RuntimeTest.m */,
				FD18945A2274823C003EA507 /* MianshiTiTests.m */,
				FD18945C2274823C003EA507 /* Info.plist */,
				FDE3F2732298EAF8001448E2 /* DoubleListTests.m */,
				FD05CDD422A6BC8F009D8B6C /* HashMapTest.m */,
				FDEFF90F22AE104B00498B36 /* LFUCacheTest.m */,
				FD05CE1A22B16041009D8B6C /* UtilityTest.swift */,
				FDC580C622B3532700CE41EB /* MyCircleQueueTest.swift */,
				FDC580CB22B3AF7900CE41EB /* MyCircleDequeTest.swift */,
				FDB664AD22C1129F00FAC14E /* BinaryTreeTest.swift */,
				FDB664BB22C763AD00FAC14E /* BSTTreeTest.swift */,
				FD70174722C89C68007AF46F /* MaxHeapTests.swift */,
				FDC5C08D22CE4491004DC34C /* AVLTreeTest.swift */,
			);
			path = MianshiTiTests;
			sourceTree = "<group>";
		};
		FD1894642274823C003EA507 /* MianshiTiUITests */ = {
			isa = PBXGroup;
			children = (
				FD1894652274823C003EA507 /* MianshiTiUITests.m */,
				FD1894672274823C003EA507 /* Info.plist */,
			);
			path = MianshiTiUITests;
			sourceTree = "<group>";
		};
		FD2FC8972296CB6A00C8B432 /* Questions */ = {
			isa = PBXGroup;
			children = (
				FD05CE2522C04E0F009D8B6C /* MinStack.swift */,
				FD60B2A322AE495700D0ABF9 /* LFUCache.h */,
				FD60B2A222AE495700D0ABF9 /* LFUCache.m */,
				FDE3F2752298EB60001448E2 /* DoubleLinkedList.h */,
				FDE3F2762298EB60001448E2 /* DoubleLinkedList.m */,
				FD2FC89E2296CD5500C8B432 /* LRUCache.h */,
				FD2FC89F2296CD5500C8B432 /* LRUCache.m */,
				FDE3F26F22983729001448E2 /* DLLNode.h */,
				FDE3F27022983729001448E2 /* DLLNode.m */,
				FD05CDD122A6BBF0009D8B6C /* HashMap.h */,
				FD05CDD222A6BBF0009D8B6C /* HashMap.m */,
				FD05CE1722B16003009D8B6C /* Utility.swift */,
				FD05CE1522B16003009D8B6C /* MianshiTi-Bridging-Header.h */,
				FD05CE1622B16003009D8B6C /* MianshiTiTests-Bridging-Header.h */,
				FDC580C322B351E100CE41EB /* MyCircleQueue.swift */,
				FDC580C822B3AF1600CE41EB /* MyCircleDeque.swift */,
				FD70174422C89B28007AF46F /* MaxHeap.swift */,
			);
			path = Questions;
			sourceTree = "<group>";
		};
		FD415B482292FC150034AA87 /* BigDataCalculate */ = {
			isa = PBXGroup;
			children = (
				FD415B492292FC3C0034AA87 /* BigData.h */,
				FD415B4A2292FC3C0034AA87 /* BigData.m */,
			);
			path = BigDataCalculate;
			sourceTree = "<group>";
		};
		FD938BF822773B990058F557 /* 2叉树 */ = {
			isa = PBXGroup;
			children = (
				FDB664AF22C112C800FAC14E /* BinaryTreeNode.h */,
				FDB664B022C112C800FAC14E /* BinaryTreeNode.m */,
				FD938BFC22773CC50058F557 /* BinaryTree.h */,
				FD938BFD22773CC50058F557 /* BinaryTree.m */,
				FDB664B522C660FA00FAC14E /* BSTTree.swift */,
				FDB664B822C665E700FAC14E /* BSTNode.swift */,
				FDC5C08722CE35F1004DC34C /* AVLNode.swift */,
				FDC5C08A22CE3701004DC34C /* AVLTree.swift */,
			);
			path = "2叉树";
			sourceTree = "<group>";
		};
		FD938BFF22795B090058F557 /* Queue */ = {
			isa = PBXGroup;
			children = (
				FD938C0022795B1B0058F557 /* Queue.h */,
				FD938C0122795B1B0058F557 /* Queue.m */,
				FD938C0322795B750058F557 /* QueueProtocol.h */,
			);
			path = Queue;
			sourceTree = "<group>";
		};
		FDE7FBEC22969088001BD1CE /* Runtime */ = {
			isa = PBXGroup;
			children = (
				FDE7FBED22969088001BD1CE /* aa.h */,
				FDE7FBEE22969088001BD1CE /* aa.m */,
			);
			path = Runtime;
			sourceTree = "<group>";
		};
/* End PBXGroup section */

/* Begin PBXNativeTarget section */
		FD18943D22748237003EA507 /* MianshiTi */ = {
			isa = PBXNativeTarget;
			buildConfigurationList = FD18946A2274823C003EA507 /* Build configuration list for PBXNativeTarget "MianshiTi" */;
			buildPhases = (
				FD18943A22748237003EA507 /* Sources */,
				FD18943B22748237003EA507 /* Frameworks */,
				FD18943C22748237003EA507 /* Resources */,
			);
			buildRules = (
			);
			dependencies = (
			);
			name = MianshiTi;
			productName = MianshiTi;
			productReference = FD18943E22748237003EA507 /* MianshiTi.app */;
			productType = "com.apple.product-type.application";
		};
		FD1894552274823C003EA507 /* MianshiTiTests */ = {
			isa = PBXNativeTarget;
			buildConfigurationList = FD18946D2274823C003EA507 /* Build configuration list for PBXNativeTarget "MianshiTiTests" */;
			buildPhases = (
				FD1894522274823C003EA507 /* Sources */,
				FD1894532274823C003EA507 /* Frameworks */,
				FD1894542274823C003EA507 /* Resources */,
			);
			buildRules = (
			);
			dependencies = (
				FD1894582274823C003EA507 /* PBXTargetDependency */,
			);
			name = MianshiTiTests;
			productName = MianshiTiTests;
			productReference = FD1894562274823C003EA507 /* MianshiTiTests.xctest */;
			productType = "com.apple.product-type.bundle.unit-test";
		};
		FD1894602274823C003EA507 /* MianshiTiUITests */ = {
			isa = PBXNativeTarget;
			buildConfigurationList = FD1894702274823C003EA507 /* Build configuration list for PBXNativeTarget "MianshiTiUITests" */;
			buildPhases = (
				FD18945D2274823C003EA507 /* Sources */,
				FD18945E2274823C003EA507 /* Frameworks */,
				FD18945F2274823C003EA507 /* Resources */,
			);
			buildRules = (
			);
			dependencies = (
				FD1894632274823C003EA507 /* PBXTargetDependency */,
			);
			name = MianshiTiUITests;
			productName = MianshiTiUITests;
			productReference = FD1894612274823C003EA507 /* MianshiTiUITests.xctest */;
			productType = "com.apple.product-type.bundle.ui-testing";
		};
/* End PBXNativeTarget section */

/* Begin PBXProject section */
		FD18943622748236003EA507 /* Project object */ = {
			isa = PBXProject;
			attributes = {
				LastUpgradeCheck = 1010;
				ORGANIZATIONNAME = QiQiuZhe;
				TargetAttributes = {
					FD18943D22748237003EA507 = {
						CreatedOnToolsVersion = 10.1;
						LastSwiftMigration = 1010;
					};
					FD1894552274823C003EA507 = {
						CreatedOnToolsVersion = 10.1;
						LastSwiftMigration = 1010;
						TestTargetID = FD18943D22748237003EA507;
					};
					FD1894602274823C003EA507 = {
						CreatedOnToolsVersion = 10.1;
						TestTargetID = FD18943D22748237003EA507;
					};
				};
			};
			buildConfigurationList = FD18943922748236003EA507 /* Build configuration list for PBXProject "MianshiTi" */;
			compatibilityVersion = "Xcode 9.3";
			developmentRegion = en;
			hasScannedForEncodings = 0;
			knownRegions = (
				en,
				Base,
			);
			mainGroup = FD18943522748236003EA507;
			productRefGroup = FD18943F22748237003EA507 /* Products */;
			projectDirPath = "";
			projectRoot = "";
			targets = (
				FD18943D22748237003EA507 /* MianshiTi */,
				FD1894552274823C003EA507 /* MianshiTiTests */,
				FD1894602274823C003EA507 /* MianshiTiUITests */,
			);
		};
/* End PBXProject section */

/* Begin PBXResourcesBuildPhase section */
		FD18943C22748237003EA507 /* Resources */ = {
			isa = PBXResourcesBuildPhase;
			buildActionMask = 2147483647;
			files = (
				FD18944E2274823C003EA507 /* LaunchScreen.storyboard in Resources */,
				FD18944B2274823C003EA507 /* Assets.xcassets in Resources */,
				FD18944922748237003EA507 /* Main.storyboard in Resources */,
			);
			runOnlyForDeploymentPostprocessing = 0;
		};
		FD1894542274823C003EA507 /* Resources */ = {
			isa = PBXResourcesBuildPhase;
			buildActionMask = 2147483647;
			files = (
			);
			runOnlyForDeploymentPostprocessing = 0;
		};
		FD18945F2274823C003EA507 /* Resources */ = {
			isa = PBXResourcesBuildPhase;
			buildActionMask = 2147483647;
			files = (
			);
			runOnlyForDeploymentPostprocessing = 0;
		};
/* End PBXResourcesBuildPhase section */

/* Begin PBXSourcesBuildPhase section */
		FD18943A22748237003EA507 /* Sources */ = {
			isa = PBXSourcesBuildPhase;
			buildActionMask = 2147483647;
			files = (
				FD05CE1822B16003009D8B6C /* Utility.swift in Sources */,
				FDB664B622C660FA00FAC14E /* BSTTree.swift in Sources */,
				FD73FA11227482EA0027C89D /* List.m in Sources */,
				FD18944622748237003EA507 /* ViewController.m in Sources */,
				FD2FC8A02296CD5500C8B432 /* LRUCache.m in Sources */,
				FDB664B922C665E700FAC14E /* BSTNode.swift in Sources */,
				FD1894512274823C003EA507 /* main.m in Sources */,
				FD05CE2622C04E0F009D8B6C /* MinStack.swift in Sources */,
				FD1EA06C228A48C20048359D /* UITouch+Test.m in Sources */,
				FD415B4B2292FC3C0034AA87 /* BigData.m in Sources */,
				FD05CDD322A6BBF0009D8B6C /* HashMap.m in Sources */,
				FDC580C922B3AF1600CE41EB /* MyCircleDeque.swift in Sources */,
				FDE3F27122983729001448E2 /* DLLNode.m in Sources */,
				FD18944322748237003EA507 /* AppDelegate.m in Sources */,
				FD70174522C89B28007AF46F /* MaxHeap.swift in Sources */,
				FDC5C08B22CE3701004DC34C /* AVLTree.swift in Sources */,
				FDE3F2772298EB60001448E2 /* DoubleLinkedList.m in Sources */,
				FD60B2A422AE495700D0ABF9 /* LFUCache.m in Sources */,
				FD938BFE22773CC50058F557 /* BinaryTree.m in Sources */,
				FD23014422AF810300273390 /* CView.m in Sources */,
				FD1894752274825D003EA507 /* Node.m in Sources */,
				FDE7FBEF22969088001BD1CE /* aa.m in Sources */,
				FDC5C08822CE35F1004DC34C /* AVLNode.swift in Sources */,
				FD60B2A822AF7E6900D0ABF9 /* XView.m in Sources */,
				FDC580C422B351E100CE41EB /* MyCircleQueue.swift in Sources */,
				FD938C0222795B1B0058F557 /* Queue.m in Sources */,
				FDB664B122C112C800FAC14E /* BinaryTreeNode.m in Sources */,
				FD938C072279AE540058F557 /* ViewController1.m in Sources */,
			);
			runOnlyForDeploymentPostprocessing = 0;
		};
		FD1894522274823C003EA507 /* Sources */ = {
			isa = PBXSourcesBuildPhase;
			buildActionMask = 2147483647;
			files = (
				FDB664B222C112C800FAC14E /* BinaryTreeNode.m in Sources */,
				FDB664B722C660FA00FAC14E /* BSTTree.swift in Sources */,
				FD05CE1922B16003009D8B6C /* Utility.swift in Sources */,
				FDB664BC22C763AD00FAC14E /* BSTTreeTest.swift in Sources */,
				FD2FC8A62296CE1900C8B432 /* LRUCacheTest.m in Sources */,
				FDE7FBF5229690D1001BD1CE /* RuntimeTest.m in Sources */,
				FDB664BA22C665E700FAC14E /* BSTNode.swift in Sources */,
				FD60B2A522AE495700D0ABF9 /* LFUCache.m in Sources */,
				FD05CE1B22B16041009D8B6C /* UtilityTest.swift in Sources */,
				FDC5C08C22CE3701004DC34C /* AVLTree.swift in Sources */,
				FDEFF91022AE104B00498B36 /* LFUCacheTest.m in Sources */,
				FDE3F2782298EB60001448E2 /* DoubleLinkedList.m in Sources */,
				FD70174622C89B28007AF46F /* MaxHeap.swift in Sources */,
				FDEFF90B22AE0C7C00498B36 /* ListTest.m in Sources */,
				FDC5C08E22CE4491004DC34C /* AVLTreeTest.swift in Sources */,
				FDE3F27222983729001448E2 /* DLLNode.m in Sources */,
				FDB664B422C113F200FAC14E /* MinStackTest.swift in Sources */,
				FDC580C722B3532700CE41EB /* MyCircleQueueTest.swift in Sources */,
				FDE7FBF022969088001BD1CE /* aa.m in Sources */,
				FD2FC8A12296CD5500C8B432 /* LRUCache.m in Sources */,
				FDC580C522B351E100CE41EB /* MyCircleQueue.swift in Sources */,
				FDC580CC22B3AF7900CE41EB /* MyCircleDequeTest.swift in Sources */,
				FD05CDD522A6BC8F009D8B6C /* HashMapTest.m in Sources */,
				FDC5C08922CE35F1004DC34C /* AVLNode.swift in Sources */,
				FD05CE2722C04E0F009D8B6C /* MinStack.swift in Sources */,
				FDC580CA22B3AF1600CE41EB /* MyCircleDeque.swift in Sources */,
				FDB664AE22C1129F00FAC14E /* BinaryTreeTest.swift in Sources */,
				FD70174822C89C68007AF46F /* MaxHeapTests.swift in Sources */,
				FD938C0422795EAB0058F557 /* Queue.m in Sources */,
				FDE3F2742298EAF8001448E2 /* DoubleListTests.m in Sources */,
				FD18945B2274823C003EA507 /* MianshiTiTests.m in Sources */,
			);
			runOnlyForDeploymentPostprocessing = 0;
		};
		FD18945D2274823C003EA507 /* Sources */ = {
			isa = PBXSourcesBuildPhase;
			buildActionMask = 2147483647;
			files = (
				FD1894662274823C003EA507 /* MianshiTiUITests.m in Sources */,
			);
			runOnlyForDeploymentPostprocessing = 0;
		};
/* End PBXSourcesBuildPhase section */

/* Begin PBXTargetDependency section */
		FD1894582274823C003EA507 /* PBXTargetDependency */ = {
			isa = PBXTargetDependency;
			target = FD18943D22748237003EA507 /* MianshiTi */;
			targetProxy = FD1894572274823C003EA507 /* PBXContainerItemProxy */;
		};
		FD1894632274823C003EA507 /* PBXTargetDependency */ = {
			isa = PBXTargetDependency;
			target = FD18943D22748237003EA507 /* MianshiTi */;
			targetProxy = FD1894622274823C003EA507 /* PBXContainerItemProxy */;
		};
/* End PBXTargetDependency section */

/* Begin PBXVariantGroup section */
		FD18944722748237003EA507 /* Main.storyboard */ = {
			isa = PBXVariantGroup;
			children = (
				FD18944822748237003EA507 /* Base */,
			);
			name = Main.storyboard;
			sourceTree = "<group>";
		};
		FD18944C2274823C003EA507 /* LaunchScreen.storyboard */ = {
			isa = PBXVariantGroup;
			children = (
				FD18944D2274823C003EA507 /* Base */,
			);
			name = LaunchScreen.storyboard;
			sourceTree = "<group>";
		};
/* End PBXVariantGroup section */

/* Begin XCBuildConfiguration section */
		FD1894682274823C003EA507 /* Debug */ = {
			isa = XCBuildConfiguration;
			buildSettings = {
				ALWAYS_SEARCH_USER_PATHS = NO;
				CLANG_ANALYZER_NONNULL = YES;
				CLANG_ANALYZER_NUMBER_OBJECT_CONVERSION = YES_AGGRESSIVE;
				CLANG_CXX_LANGUAGE_STANDARD = "gnu++14";
				CLANG_CXX_LIBRARY = "libc++";
				CLANG_ENABLE_MODULES = YES;
				CLANG_ENABLE_OBJC_ARC = YES;
				CLANG_ENABLE_OBJC_WEAK = YES;
				CLANG_WARN_BLOCK_CAPTURE_AUTORELEASING = YES;
				CLANG_WARN_BOOL_CONVERSION = YES;
				CLANG_WARN_COMMA = YES;
				CLANG_WARN_CONSTANT_CONVERSION = YES;
				CLANG_WARN_DEPRECATED_OBJC_IMPLEMENTATIONS = YES;
				CLANG_WARN_DIRECT_OBJC_ISA_USAGE = YES_ERROR;
				CLANG_WARN_DOCUMENTATION_COMMENTS = YES;
				CLANG_WARN_EMPTY_BODY = YES;
				CLANG_WARN_ENUM_CONVERSION = YES;
				CLANG_WARN_INFINITE_RECURSION = YES;
				CLANG_WARN_INT_CONVERSION = YES;
				CLANG_WARN_NON_LITERAL_NULL_CONVERSION = YES;
				CLANG_WARN_OBJC_IMPLICIT_RETAIN_SELF = YES;
				CLANG_WARN_OBJC_LITERAL_CONVERSION = YES;
				CLANG_WARN_OBJC_ROOT_CLASS = YES_ERROR;
				CLANG_WARN_RANGE_LOOP_ANALYSIS = YES;
				CLANG_WARN_STRICT_PROTOTYPES = YES;
				CLANG_WARN_SUSPICIOUS_MOVE = YES;
				CLANG_WARN_UNGUARDED_AVAILABILITY = YES_AGGRESSIVE;
				CLANG_WARN_UNREACHABLE_CODE = YES;
				CLANG_WARN__DUPLICATE_METHOD_MATCH = YES;
				CODE_SIGN_IDENTITY = "iPhone Developer";
				COPY_PHASE_STRIP = NO;
				DEBUG_INFORMATION_FORMAT = dwarf;
				ENABLE_STRICT_OBJC_MSGSEND = YES;
				ENABLE_TESTABILITY = YES;
				GCC_C_LANGUAGE_STANDARD = gnu11;
				GCC_DYNAMIC_NO_PIC = NO;
				GCC_NO_COMMON_BLOCKS = YES;
				GCC_OPTIMIZATION_LEVEL = 0;
				GCC_PREPROCESSOR_DEFINITIONS = (
					"DEBUG=1",
					"$(inherited)",
				);
				GCC_WARN_64_TO_32_BIT_CONVERSION = YES;
				GCC_WARN_ABOUT_RETURN_TYPE = YES_ERROR;
				GCC_WARN_UNDECLARED_SELECTOR = YES;
				GCC_WARN_UNINITIALIZED_AUTOS = YES_AGGRESSIVE;
				GCC_WARN_UNUSED_FUNCTION = YES;
				GCC_WARN_UNUSED_VARIABLE = YES;
				IPHONEOS_DEPLOYMENT_TARGET = 12.1;
				MTL_ENABLE_DEBUG_INFO = INCLUDE_SOURCE;
				MTL_FAST_MATH = YES;
				ONLY_ACTIVE_ARCH = YES;
				SDKROOT = iphoneos;
			};
			name = Debug;
		};
		FD1894692274823C003EA507 /* Release */ = {
			isa = XCBuildConfiguration;
			buildSettings = {
				ALWAYS_SEARCH_USER_PATHS = NO;
				CLANG_ANALYZER_NONNULL = YES;
				CLANG_ANALYZER_NUMBER_OBJECT_CONVERSION = YES_AGGRESSIVE;
				CLANG_CXX_LANGUAGE_STANDARD = "gnu++14";
				CLANG_CXX_LIBRARY = "libc++";
				CLANG_ENABLE_MODULES = YES;
				CLANG_ENABLE_OBJC_ARC = YES;
				CLANG_ENABLE_OBJC_WEAK = YES;
				CLANG_WARN_BLOCK_CAPTURE_AUTORELEASING = YES;
				CLANG_WARN_BOOL_CONVERSION = YES;
				CLANG_WARN_COMMA = YES;
				CLANG_WARN_CONSTANT_CONVERSION = YES;
				CLANG_WARN_DEPRECATED_OBJC_IMPLEMENTATIONS = YES;
				CLANG_WARN_DIRECT_OBJC_ISA_USAGE = YES_ERROR;
				CLANG_WARN_DOCUMENTATION_COMMENTS = YES;
				CLANG_WARN_EMPTY_BODY = YES;
				CLANG_WARN_ENUM_CONVERSION = YES;
				CLANG_WARN_INFINITE_RECURSION = YES;
				CLANG_WARN_INT_CONVERSION = YES;
				CLANG_WARN_NON_LITERAL_NULL_CONVERSION = YES;
				CLANG_WARN_OBJC_IMPLICIT_RETAIN_SELF = YES;
				CLANG_WARN_OBJC_LITERAL_CONVERSION = YES;
				CLANG_WARN_OBJC_ROOT_CLASS = YES_ERROR;
				CLANG_WARN_RANGE_LOOP_ANALYSIS = YES;
				CLANG_WARN_STRICT_PROTOTYPES = YES;
				CLANG_WARN_SUSPICIOUS_MOVE = YES;
				CLANG_WARN_UNGUARDED_AVAILABILITY = YES_AGGRESSIVE;
				CLANG_WARN_UNREACHABLE_CODE = YES;
				CLANG_WARN__DUPLICATE_METHOD_MATCH = YES;
				CODE_SIGN_IDENTITY = "iPhone Developer";
				COPY_PHASE_STRIP = NO;
				DEBUG_INFORMATION_FORMAT = "dwarf-with-dsym";
				ENABLE_NS_ASSERTIONS = NO;
				ENABLE_STRICT_OBJC_MSGSEND = YES;
				GCC_C_LANGUAGE_STANDARD = gnu11;
				GCC_NO_COMMON_BLOCKS = YES;
				GCC_WARN_64_TO_32_BIT_CONVERSION = YES;
				GCC_WARN_ABOUT_RETURN_TYPE = YES_ERROR;
				GCC_WARN_UNDECLARED_SELECTOR = YES;
				GCC_WARN_UNINITIALIZED_AUTOS = YES_AGGRESSIVE;
				GCC_WARN_UNUSED_FUNCTION = YES;
				GCC_WARN_UNUSED_VARIABLE = YES;
				IPHONEOS_DEPLOYMENT_TARGET = 12.1;
				MTL_ENABLE_DEBUG_INFO = NO;
				MTL_FAST_MATH = YES;
				SDKROOT = iphoneos;
				VALIDATE_PRODUCT = YES;
			};
			name = Release;
		};
		FD18946B2274823C003EA507 /* Debug */ = {
			isa = XCBuildConfiguration;
			buildSettings = {
				ASSETCATALOG_COMPILER_APPICON_NAME = AppIcon;
				CLANG_ENABLE_MODULES = YES;
				CLANG_ENABLE_OBJC_ARC = NO;
				CODE_SIGN_IDENTITY = "iPhone Developer";
				CODE_SIGN_STYLE = Automatic;
				DEVELOPMENT_TEAM = G266G4297P;
				INFOPLIST_FILE = MianshiTi/Info.plist;
				IPHONEOS_DEPLOYMENT_TARGET = 9.0;
				LD_RUNPATH_SEARCH_PATHS = (
					"$(inherited)",
					"@executable_path/Frameworks",
				);
				PRODUCT_BUNDLE_IDENTIFIER = com.test.MianshiTi;
				PRODUCT_NAME = "$(TARGET_NAME)";
				PROVISIONING_PROFILE_SPECIFIER = "";
				SWIFT_OBJC_BRIDGING_HEADER = "Questions/MianshiTi-Bridging-Header.h";
				SWIFT_OPTIMIZATION_LEVEL = "-Onone";
				SWIFT_VERSION = 4.2;
				TARGETED_DEVICE_FAMILY = "1,2";
			};
			name = Debug;
		};
		FD18946C2274823C003EA507 /* Release */ = {
			isa = XCBuildConfiguration;
			buildSettings = {
				ASSETCATALOG_COMPILER_APPICON_NAME = AppIcon;
				CLANG_ENABLE_MODULES = YES;
				CLANG_ENABLE_OBJC_ARC = NO;
				CODE_SIGN_IDENTITY = "iPhone Developer";
				CODE_SIGN_STYLE = Automatic;
				DEVELOPMENT_TEAM = G266G4297P;
				INFOPLIST_FILE = MianshiTi/Info.plist;
				IPHONEOS_DEPLOYMENT_TARGET = 9.0;
				LD_RUNPATH_SEARCH_PATHS = (
					"$(inherited)",
					"@executable_path/Frameworks",
				);
				PRODUCT_BUNDLE_IDENTIFIER = com.test.MianshiTi;
				PRODUCT_NAME = "$(TARGET_NAME)";
				PROVISIONING_PROFILE_SPECIFIER = "";
				SWIFT_OBJC_BRIDGING_HEADER = "Questions/MianshiTi-Bridging-Header.h";
				SWIFT_VERSION = 4.2;
				TARGETED_DEVICE_FAMILY = "1,2";
			};
			name = Release;
		};
		FD18946E2274823C003EA507 /* Debug */ = {
			isa = XCBuildConfiguration;
			buildSettings = {
				ALWAYS_EMBED_SWIFT_STANDARD_LIBRARIES = YES;
				BUNDLE_LOADER = "$(TEST_HOST)";
				CLANG_ENABLE_MODULES = YES;
				CLANG_ENABLE_OBJC_ARC = YES;
				CODE_SIGN_IDENTITY = "iPhone Developer";
				CODE_SIGN_STYLE = Manual;
				DEVELOPMENT_TEAM = G266G4297P;
				INFOPLIST_FILE = MianshiTiTests/Info.plist;
				LD_RUNPATH_SEARCH_PATHS = (
					"$(inherited)",
					"@executable_path/Frameworks",
					"@loader_path/Frameworks",
				);
				PRODUCT_BUNDLE_IDENTIFIER = com.test.MianshiTiTests;
				PRODUCT_NAME = "$(TARGET_NAME)";
				PROVISIONING_PROFILE_SPECIFIER = "";
				SWIFT_OBJC_BRIDGING_HEADER = "Questions/MianshiTiTests-Bridging-Header.h";
				SWIFT_OPTIMIZATION_LEVEL = "-Onone";
				SWIFT_VERSION = 4.2;
				TARGETED_DEVICE_FAMILY = "1,2";
				TEST_HOST = "$(BUILT_PRODUCTS_DIR)/MianshiTi.app/MianshiTi";
			};
			name = Debug;
		};
		FD18946F2274823C003EA507 /* Release */ = {
			isa = XCBuildConfiguration;
			buildSettings = {
				ALWAYS_EMBED_SWIFT_STANDARD_LIBRARIES = YES;
				BUNDLE_LOADER = "$(TEST_HOST)";
				CLANG_ENABLE_MODULES = YES;
				CLANG_ENABLE_OBJC_ARC = YES;
				CODE_SIGN_IDENTITY = "iPhone Developer";
				CODE_SIGN_STYLE = Manual;
				DEVELOPMENT_TEAM = "";
				INFOPLIST_FILE = MianshiTiTests/Info.plist;
				LD_RUNPATH_SEARCH_PATHS = (
					"$(inherited)",
					"@executable_path/Frameworks",
					"@loader_path/Frameworks",
				);
				PRODUCT_BUNDLE_IDENTIFIER = com.test.MianshiTiTests;
				PRODUCT_NAME = "$(TARGET_NAME)";
				PROVISIONING_PROFILE_SPECIFIER = "";
				SWIFT_OBJC_BRIDGING_HEADER = "Questions/MianshiTiTests-Bridging-Header.h";
				SWIFT_VERSION = 4.2;
				TARGETED_DEVICE_FAMILY = "1,2";
				TEST_HOST = "$(BUILT_PRODUCTS_DIR)/MianshiTi.app/MianshiTi";
			};
			name = Release;
		};
		FD1894712274823C003EA507 /* Debug */ = {
			isa = XCBuildConfiguration;
			buildSettings = {
				ALWAYS_EMBED_SWIFT_STANDARD_LIBRARIES = YES;
				CODE_SIGN_STYLE = Automatic;
				DEVELOPMENT_TEAM = G266G4297P;
				INFOPLIST_FILE = MianshiTiUITests/Info.plist;
				LD_RUNPATH_SEARCH_PATHS = (
					"$(inherited)",
					"@executable_path/Frameworks",
					"@loader_path/Frameworks",
				);
				PRODUCT_BUNDLE_IDENTIFIER = com.test.MianshiTiUITests;
				PRODUCT_NAME = "$(TARGET_NAME)";
				TARGETED_DEVICE_FAMILY = "1,2";
				TEST_TARGET_NAME = MianshiTi;
			};
			name = Debug;
		};
		FD1894722274823C003EA507 /* Release */ = {
			isa = XCBuildConfiguration;
			buildSettings = {
				ALWAYS_EMBED_SWIFT_STANDARD_LIBRARIES = YES;
				CODE_SIGN_STYLE = Automatic;
				DEVELOPMENT_TEAM = G266G4297P;
				INFOPLIST_FILE = MianshiTiUITests/Info.plist;
				LD_RUNPATH_SEARCH_PATHS = (
					"$(inherited)",
					"@executable_path/Frameworks",
					"@loader_path/Frameworks",
				);
				PRODUCT_BUNDLE_IDENTIFIER = com.test.MianshiTiUITests;
				PRODUCT_NAME = "$(TARGET_NAME)";
				TARGETED_DEVICE_FAMILY = "1,2";
				TEST_TARGET_NAME = MianshiTi;
			};
			name = Release;
		};
/* End XCBuildConfiguration section */

/* Begin XCConfigurationList section */
		FD18943922748236003EA507 /* Build configuration list for PBXProject "MianshiTi" */ = {
			isa = XCConfigurationList;
			buildConfigurations = (
				FD1894682274823C003EA507 /* Debug */,
				FD1894692274823C003EA507 /* Release */,
			);
			defaultConfigurationIsVisible = 0;
			defaultConfigurationName = Release;
		};
		FD18946A2274823C003EA507 /* Build configuration list for PBXNativeTarget "MianshiTi" */ = {
			isa = XCConfigurationList;
			buildConfigurations = (
				FD18946B2274823C003EA507 /* Debug */,
				FD18946C2274823C003EA507 /* Release */,
			);
			defaultConfigurationIsVisible = 0;
			defaultConfigurationName = Release;
		};
		FD18946D2274823C003EA507 /* Build configuration list for PBXNativeTarget "MianshiTiTests" */ = {
			isa = XCConfigurationList;
			buildConfigurations = (
				FD18946E2274823C003EA507 /* Debug */,
				FD18946F2274823C003EA507 /* Release */,
			);
			defaultConfigurationIsVisible = 0;
			defaultConfigurationName = Release;
		};
		FD1894702274823C003EA507 /* Build configuration list for PBXNativeTarget "MianshiTiUITests" */ = {
			isa = XCConfigurationList;
			buildConfigurations = (
				FD1894712274823C003EA507 /* Debug */,
				FD1894722274823C003EA507 /* Release */,
			);
			defaultConfigurationIsVisible = 0;
			defaultConfigurationName = Release;
		};
/* End XCConfigurationList section */
	};
	rootObject = FD18943622748236003EA507 /* Project object */;
}
